
Microsoft Visual Studio Solution File, Format Version 12.00
# Visual Studio Version 16
VisualStudioVersion = 16.0.31624.102
MinimumVisualStudioVersion = 10.0.40219.1
Project("{FAE04EC0-301F-11D3-BF4B-00C04F79EFBC}") = "Core", "Core\Core.csproj", "{7496F51F-9057-484D-AE60-A272FA40B738}"
EndProject
Project("{FAE04EC0-301F-11D3-BF4B-00C04F79EFBC}") = "DataAccess", "DataAccess\DataAccess.csproj", "{430263BD-4968-4B50-849C-5BAE0A872687}"
EndProject
Project("{FAE04EC0-301F-11D3-BF4B-00C04F79EFBC}") = "Entities", "Entities\Entities.csproj", "{A45776BF-7B24-4C7D-826A-235ED9E2B699}"
EndProject
Project("{FAE04EC0-301F-11D3-BF4B-00C04F79EFBC}") = "WebAPI", "WebAPI,\WebAPI.csproj", "{DD92882F-9970-4CBB-B02B-4227638CDC53}"
EndProject
Project("{FAE04EC0-301F-11D3-BF4B-00C04F79EFBC}") = "Business", "Business\Business.csproj", "{A60F6AD1-9C7D-4F3C-A1BD-D09C8C77D80A}"
EndProject
Global
	GlobalSection(SolutionConfigurationPlatforms) = preSolution
		Debug|Any CPU = Debug|Any CPU
		Release|Any CPU = Release|Any CPU
	EndGlobalSection
	GlobalSection(ProjectConfigurationPlatforms) = postSolution
		{7496F51F-9057-484D-AE60-A272FA40B738}.Debug|Any CPU.ActiveCfg = Debug|Any CPU
		{7496F51F-9057-484D-AE60-A272FA40B738}.Debug|Any CPU.Build.0 = Debug|Any CPU
		{7496F51F-9057-484D-AE60-A272FA40B738}.Release|Any CPU.ActiveCfg = Release|Any CPU
		{7496F51F-9057-484D-AE60-A272FA40B738}.Release|Any CPU.Build.0 = Release|Any CPU
		{430263BD-4968-4B50-849C-5BAE0A872687}.Debug|Any CPU.ActiveCfg = Debug|Any CPU
		{430263BD-4968-4B50-849C-5BAE0A872687}.Debug|Any CPU.Build.0 = Debug|Any CPU
		{430263BD-4968-4B50-849C-5BAE0A872687}.Release|Any CPU.ActiveCfg = Release|Any CPU
		{430263BD-4968-4B50-849C-5BAE0A872687}.Release|Any CPU.Build.0 = Release|Any CPU
		{A45776BF-7B24-4C7D-826A-235ED9E2B699}.Debug|Any CPU.ActiveCfg = Debug|Any CPU
		{A45776BF-7B24-4C7D-826A-235ED9E2B699}.Debug|Any CPU.Build.0 = Debug|Any CPU
		{A45776BF-7B24-4C7D-826A-235ED9E2B699}.Release|Any CPU.ActiveCfg = Release|Any CPU
		{A45776BF-7B24-4C7D-826A-235ED9E2B699}.Release|Any CPU.Build.0 = Release|Any CPU
		{DD92882F-9970-4CBB-B02B-4227638CDC53}.Debug|Any CPU.ActiveCfg = Debug|Any CPU
		{DD92882F-9970-4CBB-B02B-4227638CDC53}.Debug|Any CPU.Build.0 = Debug|Any CPU
		{DD92882F-9970-4CBB-B02B-4227638CDC53}.Release|Any CPU.ActiveCfg = Release|Any CPU
		{DD92882F-9970-4CBB-B02B-4227638CDC53}.Release|Any CPU.Build.0 = Release|Any CPU
		{A60F6AD1-9C7D-4F3C-A1BD-D09C8C77D80A}.Debug|Any CPU.ActiveCfg = Debug|Any CPU
		{A60F6AD1-9C7D-4F3C-A1BD-D09C8C77D80A}.Debug|Any CPU.Build.0 = Debug|Any CPU
		{A60F6AD1-9C7D-4F3C-A1BD-D09C8C77D80A}.Release|Any CPU.ActiveCfg = Release|Any CPU
		{A60F6AD1-9C7D-4F3C-A1BD-D09C8C77D80A}.Release|Any CPU.Build.0 = Release|Any CPU
	EndGlobalSection
	GlobalSection(SolutionProperties) = preSolution
		HideSolutionNode = FALSE
	EndGlobalSection
	GlobalSection(ExtensibilityGlobals) = postSolution
		SolutionGuid = {2FC17EA9-A120-400E-B81D-9841921E7A16}
	EndGlobalSection
EndGlobal
